
Microsoft Visual Studio Solution File, Format Version 12.00
# Visual Studio 14
VisualStudioVersion = 14.0.25420.1
MinimumVisualStudioVersion = 10.0.40219.1
Project("{FAE04EC0-301F-11D3-BF4B-00C04F79EFBC}") = "ExpandableListView", "ExpandableListView\ExpandableListView\ExpandableListView.csproj", "{3A7569BB-BC53-4E1E-A8C4-096BC9D91122}"
EndProject
Project("{FAE04EC0-301F-11D3-BF4B-00C04F79EFBC}") = "ExpandableListView.Droid", "ExpandableListView\ExpandableListView.Droid\ExpandableListView.Droid.csproj", "{0EB7457D-B79A-4B19-84FA-1AE22FEAE7BC}"
EndProject
Project("{FAE04EC0-301F-11D3-BF4B-00C04F79EFBC}") = "ExpandableListView.iOS", "ExpandableListView\ExpandableListView.iOS\ExpandableListView.iOS.csproj", "{434533F8-7988-4B7C-BD56-8CCA34499526}"
EndProject
Global
	GlobalSection(SolutionConfigurationPlatforms) = preSolution
		Ad-Hoc|Any CPU = Ad-Hoc|Any CPU
		Ad-Hoc|ARM = Ad-Hoc|ARM
		Ad-Hoc|iPhone = Ad-Hoc|iPhone
		Ad-Hoc|iPhoneSimulator = Ad-Hoc|iPhoneSimulator
		Ad-Hoc|x64 = Ad-Hoc|x64
		Ad-Hoc|x86 = Ad-Hoc|x86
		AppStore|Any CPU = AppStore|Any CPU
		AppStore|ARM = AppStore|ARM
		AppStore|iPhone = AppStore|iPhone
		AppStore|iPhoneSimulator = AppStore|iPhoneSimulator
		AppStore|x64 = AppStore|x64
		AppStore|x86 = AppStore|x86
		Debug|Any CPU = Debug|Any CPU
		Debug|ARM = Debug|ARM
		Debug|iPhone = Debug|iPhone
		Debug|iPhoneSimulator = Debug|iPhoneSimulator
		Debug|x64 = Debug|x64
		Debug|x86 = Debug|x86
		Release|Any CPU = Release|Any CPU
		Release|ARM = Release|ARM
		Release|iPhone = Release|iPhone
		Release|iPhoneSimulator = Release|iPhoneSimulator
		Release|x64 = Release|x64
		Release|x86 = Release|x86
	EndGlobalSection
	GlobalSection(ProjectConfigurationPlatforms) = postSolution
		{3A7569BB-BC53-4E1E-A8C4-096BC9D91122}.Ad-Hoc|Any CPU.ActiveCfg = Release|Any CPU
		{3A7569BB-BC53-4E1E-A8C4-096BC9D91122}.Ad-Hoc|Any CPU.Build.0 = Release|Any CPU
		{3A7569BB-BC53-4E1E-A8C4-096BC9D91122}.Ad-Hoc|ARM.ActiveCfg = Release|Any CPU
		{3A7569BB-BC53-4E1E-A8C4-096BC9D91122}.Ad-Hoc|ARM.Build.0 = Release|Any CPU
		{3A7569BB-BC53-4E1E-A8C4-096BC9D91122}.Ad-Hoc|iPhone.ActiveCfg = Release|Any CPU
		{3A7569BB-BC53-4E1E-A8C4-096BC9D91122}.Ad-Hoc|iPhone.Build.0 = Release|Any CPU
		{3A7569BB-BC53-4E1E-A8C4-096BC9D91122}.Ad-Hoc|iPhoneSimulator.ActiveCfg = Release|Any CPU
		{3A7569BB-BC53-4E1E-A8C4-096BC9D91122}.Ad-Hoc|iPhoneSimulator.Build.0 = Release|Any CPU
		{3A7569BB-BC53-4E1E-A8C4-096BC9D91122}.Ad-Hoc|x64.ActiveCfg = Release|Any CPU
		{3A7569BB-BC53-4E1E-A8C4-096BC9D91122}.Ad-Hoc|x64.Build.0 = Release|Any CPU
		{3A7569BB-BC53-4E1E-A8C4-096BC9D91122}.Ad-Hoc|x86.ActiveCfg = Release|Any CPU
		{3A7569BB-BC53-4E1E-A8C4-096BC9D91122}.Ad-Hoc|x86.Build.0 = Release|Any CPU
		{3A7569BB-BC53-4E1E-A8C4-096BC9D91122}.AppStore|Any CPU.ActiveCfg = Release|Any CPU
		{3A7569BB-BC53-4E1E-A8C4-096BC9D91122}.AppStore|Any CPU.Build.0 = Release|Any CPU
		{3A7569BB-BC53-4E1E-A8C4-096BC9D91122}.AppStore|ARM.ActiveCfg = Release|Any CPU
		{3A7569BB-BC53-4E1E-A8C4-096BC9D91122}.AppStore|ARM.Build.0 = Release|Any CPU
		{3A7569BB-BC53-4E1E-A8C4-096BC9D91122}.AppStore|iPhone.ActiveCfg = Release|Any CPU
		{3A7569BB-BC53-4E1E-A8C4-096BC9D91122}.AppStore|iPhone.Build.0 = Release|Any CPU
		{3A7569BB-BC53-4E1E-A8C4-096BC9D91122}.AppStore|iPhoneSimulator.ActiveCfg = Release|Any CPU
		{3A7569BB-BC53-4E1E-A8C4-096BC9D91122}.AppStore|iPhoneSimulator.Build.0 = Release|Any CPU
		{3A7569BB-BC53-4E1E-A8C4-096BC9D91122}.AppStore|x64.ActiveCfg = Release|Any CPU
		{3A7569BB-BC53-4E1E-A8C4-096BC9D91122}.AppStore|x64.Build.0 = Release|Any CPU
		{3A7569BB-BC53-4E1E-A8C4-096BC9D91122}.AppStore|x86.ActiveCfg = Release|Any CPU
		{3A7569BB-BC53-4E1E-A8C4-096BC9D91122}.AppStore|x86.Build.0 = Release|Any CPU
		{3A7569BB-BC53-4E1E-A8C4-096BC9D91122}.Debug|Any CPU.ActiveCfg = Debug|Any CPU
		{3A7569BB-BC53-4E1E-A8C4-096BC9D91122}.Debug|Any CPU.Build.0 = Debug|Any CPU
		{3A7569BB-BC53-4E1E-A8C4-096BC9D91122}.Debug|ARM.ActiveCfg = Debug|Any CPU
		{3A7569BB-BC53-4E1E-A8C4-096BC9D91122}.Debug|ARM.Build.0 = Debug|Any CPU
		{3A7569BB-BC53-4E1E-A8C4-096BC9D91122}.Debug|iPhone.ActiveCfg = Debug|Any CPU
		{3A7569BB-BC53-4E1E-A8C4-096BC9D91122}.Debug|iPhone.Build.0 = Debug|Any CPU
		{3A7569BB-BC53-4E1E-A8C4-096BC9D91122}.Debug|iPhoneSimulator.ActiveCfg = Debug|Any CPU
		{3A7569BB-BC53-4E1E-A8C4-096BC9D91122}.Debug|iPhoneSimulator.Build.0 = Debug|Any CPU
		{3A7569BB-BC53-4E1E-A8C4-096BC9D91122}.Debug|x64.ActiveCfg = Debug|Any CPU
		{3A7569BB-BC53-4E1E-A8C4-096BC9D91122}.Debug|x64.Build.0 = Debug|Any CPU
		{3A7569BB-BC53-4E1E-A8C4-096BC9D91122}.Debug|x86.ActiveCfg = Debug|Any CPU
		{3A7569BB-BC53-4E1E-A8C4-096BC9D91122}.Debug|x86.Build.0 = Debug|Any CPU
		{3A7569BB-BC53-4E1E-A8C4-096BC9D91122}.Release|Any CPU.ActiveCfg = Release|Any CPU
		{3A7569BB-BC53-4E1E-A8C4-096BC9D91122}.Release|Any CPU.Build.0 = Release|Any CPU
		{3A7569BB-BC53-4E1E-A8C4-096BC9D91122}.Release|ARM.ActiveCfg = Release|Any CPU
		{3A7569BB-BC53-4E1E-A8C4-096BC9D91122}.Release|ARM.Build.0 = Release|Any CPU
		{3A7569BB-BC53-4E1E-A8C4-096BC9D91122}.Release|iPhone.ActiveCfg = Release|Any CPU
		{3A7569BB-BC53-4E1E-A8C4-096BC9D91122}.Release|iPhone.Build.0 = Release|Any CPU
		{3A7569BB-BC53-4E1E-A8C4-096BC9D91122}.Release|iPhoneSimulator.ActiveCfg = Release|Any CPU
		{3A7569BB-BC53-4E1E-A8C4-096BC9D91122}.Release|iPhoneSimulator.Build.0 = Release|Any CPU
		{3A7569BB-BC53-4E1E-A8C4-096BC9D91122}.Release|x64.ActiveCfg = Release|Any CPU
		{3A7569BB-BC53-4E1E-A8C4-096BC9D91122}.Release|x64.Build.0 = Release|Any CPU
		{3A7569BB-BC53-4E1E-A8C4-096BC9D91122}.Release|x86.ActiveCfg = Release|Any CPU
		{3A7569BB-BC53-4E1E-A8C4-096BC9D91122}.Release|x86.Build.0 = Release|Any CPU
		{0EB7457D-B79A-4B19-84FA-1AE22FEAE7BC}.Ad-Hoc|Any CPU.ActiveCfg = Release|Any CPU
		{0EB7457D-B79A-4B19-84FA-1AE22FEAE7BC}.Ad-Hoc|Any CPU.Build.0 = Release|Any CPU
		{0EB7457D-B79A-4B19-84FA-1AE22FEAE7BC}.Ad-Hoc|Any CPU.Deploy.0 = Release|Any CPU
		{0EB7457D-B79A-4B19-84FA-1AE22FEAE7BC}.Ad-Hoc|ARM.ActiveCfg = Release|Any CPU
		{0EB7457D-B79A-4B19-84FA-1AE22FEAE7BC}.Ad-Hoc|ARM.Build.0 = Release|Any CPU
		{0EB7457D-B79A-4B19-84FA-1AE22FEAE7BC}.Ad-Hoc|ARM.Deploy.0 = Release|Any CPU
		{0EB7457D-B79A-4B19-84FA-1AE22FEAE7BC}.Ad-Hoc|iPhone.ActiveCfg = Release|Any CPU
		{0EB7457D-B79A-4B19-84FA-1AE22FEAE7BC}.Ad-Hoc|iPhone.Build.0 = Release|Any CPU
		{0EB7457D-B79A-4B19-84FA-1AE22FEAE7BC}.Ad-Hoc|iPhone.Deploy.0 = Release|Any CPU
		{0EB7457D-B79A-4B19-84FA-1AE22FEAE7BC}.Ad-Hoc|iPhoneSimulator.ActiveCfg = Release|Any CPU
		{0EB7457D-B79A-4B19-84FA-1AE22FEAE7BC}.Ad-Hoc|iPhoneSimulator.Build.0 = Release|Any CPU
		{0EB7457D-B79A-4B19-84FA-1AE22FEAE7BC}.Ad-Hoc|iPhoneSimulator.Deploy.0 = Release|Any CPU
		{0EB7457D-B79A-4B19-84FA-1AE22FEAE7BC}.Ad-Hoc|x64.ActiveCfg = Release|Any CPU
		{0EB7457D-B79A-4B19-84FA-1AE22FEAE7BC}.Ad-Hoc|x64.Build.0 = Release|Any CPU
		{0EB7457D-B79A-4B19-84FA-1AE22FEAE7BC}.Ad-Hoc|x64.Deploy.0 = Release|Any CPU
		{0EB7457D-B79A-4B19-84FA-1AE22FEAE7BC}.Ad-Hoc|x86.ActiveCfg = Release|Any CPU
		{0EB7457D-B79A-4B19-84FA-1AE22FEAE7BC}.Ad-Hoc|x86.Build.0 = Release|Any CPU
		{0EB7457D-B79A-4B19-84FA-1AE22FEAE7BC}.Ad-Hoc|x86.Deploy.0 = Release|Any CPU
		{0EB7457D-B79A-4B19-84FA-1AE22FEAE7BC}.AppStore|Any CPU.ActiveCfg = Release|Any CPU
		{0EB7457D-B79A-4B19-84FA-1AE22FEAE7BC}.AppStore|Any CPU.Build.0 = Release|Any CPU
		{0EB7457D-B79A-4B19-84FA-1AE22FEAE7BC}.AppStore|Any CPU.Deploy.0 = Release|Any CPU
		{0EB7457D-B79A-4B19-84FA-1AE22FEAE7BC}.AppStore|ARM.ActiveCfg = Release|Any CPU
		{0EB7457D-B79A-4B19-84FA-1AE22FEAE7BC}.AppStore|ARM.Build.0 = Release|Any CPU
		{0EB7457D-B79A-4B19-84FA-1AE22FEAE7BC}.AppStore|ARM.Deploy.0 = Release|Any CPU
		{0EB7457D-B79A-4B19-84FA-1AE22FEAE7BC}.AppStore|iPhone.ActiveCfg = Release|Any CPU
		{0EB7457D-B79A-4B19-84FA-1AE22FEAE7BC}.AppStore|iPhone.Build.0 = Release|Any CPU
		{0EB7457D-B79A-4B19-84FA-1AE22FEAE7BC}.AppStore|iPhone.Deploy.0 = Release|Any CPU
		{0EB7457D-B79A-4B19-84FA-1AE22FEAE7BC}.AppStore|iPhoneSimulator.ActiveCfg = Release|Any CPU
		{0EB7457D-B79A-4B19-84FA-1AE22FEAE7BC}.AppStore|iPhoneSimulator.Build.0 = Release|Any CPU
		{0EB7457D-B79A-4B19-84FA-1AE22FEAE7BC}.AppStore|iPhoneSimulator.Deploy.0 = Release|Any CPU
		{0EB7457D-B79A-4B19-84FA-1AE22FEAE7BC}.AppStore|x64.ActiveCfg = Release|Any CPU
		{0EB7457D-B79A-4B19-84FA-1AE22FEAE7BC}.AppStore|x64.Build.0 = Release|Any CPU
		{0EB7457D-B79A-4B19-84FA-1AE22FEAE7BC}.AppStore|x64.Deploy.0 = Release|Any CPU
		{0EB7457D-B79A-4B19-84FA-1AE22FEAE7BC}.AppStore|x86.ActiveCfg = Release|Any CPU
		{0EB7457D-B79A-4B19-84FA-1AE22FEAE7BC}.AppStore|x86.Build.0 = Release|Any CPU
		{0EB7457D-B79A-4B19-84FA-1AE22FEAE7BC}.AppStore|x86.Deploy.0 = Release|Any CPU
		{0EB7457D-B79A-4B19-84FA-1AE22FEAE7BC}.Debug|Any CPU.ActiveCfg = Debug|Any CPU
		{0EB7457D-B79A-4B19-84FA-1AE22FEAE7BC}.Debug|Any CPU.Build.0 = Debug|Any CPU
		{0EB7457D-B79A-4B19-84FA-1AE22FEAE7BC}.Debug|Any CPU.Deploy.0 = Debug|Any CPU
		{0EB7457D-B79A-4B19-84FA-1AE22FEAE7BC}.Debug|ARM.ActiveCfg = Debug|Any CPU
		{0EB7457D-B79A-4B19-84FA-1AE22FEAE7BC}.Debug|ARM.Build.0 = Debug|Any CPU
		{0EB7457D-B79A-4B19-84FA-1AE22FEAE7BC}.Debug|ARM.Deploy.0 = Debug|Any CPU
		{0EB7457D-B79A-4B19-84FA-1AE22FEAE7BC}.Debug|iPhone.ActiveCfg = Debug|Any CPU
		{0EB7457D-B79A-4B19-84FA-1AE22FEAE7BC}.Debug|iPhone.Build.0 = Debug|Any CPU
		{0EB7457D-B79A-4B19-84FA-1AE22FEAE7BC}.Debug|iPhone.Deploy.0 = Debug|Any CPU
		{0EB7457D-B79A-4B19-84FA-1AE22FEAE7BC}.Debug|iPhoneSimulator.ActiveCfg = Debug|Any CPU
		{0EB7457D-B79A-4B19-84FA-1AE22FEAE7BC}.Debug|iPhoneSimulator.Build.0 = Debug|Any CPU
		{0EB7457D-B79A-4B19-84FA-1AE22FEAE7BC}.Debug|iPhoneSimulator.Deploy.0 = Debug|Any CPU
		{0EB7457D-B79A-4B19-84FA-1AE22FEAE7BC}.Debug|x64.ActiveCfg = Debug|Any CPU
		{0EB7457D-B79A-4B19-84FA-1AE22FEAE7BC}.Debug|x64.Build.0 = Debug|Any CPU
		{0EB7457D-B79A-4B19-84FA-1AE22FEAE7BC}.Debug|x64.Deploy.0 = Debug|Any CPU
		{0EB7457D-B79A-4B19-84FA-1AE22FEAE7BC}.Debug|x86.ActiveCfg = Debug|Any CPU
		{0EB7457D-B79A-4B19-84FA-1AE22FEAE7BC}.Debug|x86.Build.0 = Debug|Any CPU
		{0EB7457D-B79A-4B19-84FA-1AE22FEAE7BC}.Debug|x86.Deploy.0 = Debug|Any CPU
		{0EB7457D-B79A-4B19-84FA-1AE22FEAE7BC}.Release|Any CPU.ActiveCfg = Release|Any CPU
		{0EB7457D-B79A-4B19-84FA-1AE22FEAE7BC}.Release|Any CPU.Build.0 = Release|Any CPU
		{0EB7457D-B79A-4B19-84FA-1AE22FEAE7BC}.Release|Any CPU.Deploy.0 = Release|Any CPU
		{0EB7457D-B79A-4B19-84FA-1AE22FEAE7BC}.Release|ARM.ActiveCfg = Release|Any CPU
		{0EB7457D-B79A-4B19-84FA-1AE22FEAE7BC}.Release|ARM.Build.0 = Release|Any CPU
		{0EB7457D-B79A-4B19-84FA-1AE22FEAE7BC}.Release|ARM.Deploy.0 = Release|Any CPU
		{0EB7457D-B79A-4B19-84FA-1AE22FEAE7BC}.Release|iPhone.ActiveCfg = Release|Any CPU
		{0EB7457D-B79A-4B19-84FA-1AE22FEAE7BC}.Release|iPhone.Build.0 = Release|Any CPU
		{0EB7457D-B79A-4B19-84FA-1AE22FEAE7BC}.Release|iPhone.Deploy.0 = Release|Any CPU
		{0EB7457D-B79A-4B19-84FA-1AE22FEAE7BC}.Release|iPhoneSimulator.ActiveCfg = Release|Any CPU
		{0EB7457D-B79A-4B19-84FA-1AE22FEAE7BC}.Release|iPhoneSimulator.Build.0 = Release|Any CPU
		{0EB7457D-B79A-4B19-84FA-1AE22FEAE7BC}.Release|iPhoneSimulator.Deploy.0 = Release|Any CPU
		{0EB7457D-B79A-4B19-84FA-1AE22FEAE7BC}.Release|x64.ActiveCfg = Release|Any CPU
		{0EB7457D-B79A-4B19-84FA-1AE22FEAE7BC}.Release|x64.Build.0 = Release|Any CPU
		{0EB7457D-B79A-4B19-84FA-1AE22FEAE7BC}.Release|x64.Deploy.0 = Release|Any CPU
		{0EB7457D-B79A-4B19-84FA-1AE22FEAE7BC}.Release|x86.ActiveCfg = Release|Any CPU
		{0EB7457D-B79A-4B19-84FA-1AE22FEAE7BC}.Release|x86.Build.0 = Release|Any CPU
		{0EB7457D-B79A-4B19-84FA-1AE22FEAE7BC}.Release|x86.Deploy.0 = Release|Any CPU
		{434533F8-7988-4B7C-BD56-8CCA34499526}.Ad-Hoc|Any CPU.ActiveCfg = Ad-Hoc|iPhone
		{434533F8-7988-4B7C-BD56-8CCA34499526}.Ad-Hoc|ARM.ActiveCfg = Ad-Hoc|iPhone
		{434533F8-7988-4B7C-BD56-8CCA34499526}.Ad-Hoc|iPhone.ActiveCfg = Ad-Hoc|iPhone
		{434533F8-7988-4B7C-BD56-8CCA34499526}.Ad-Hoc|iPhone.Build.0 = Ad-Hoc|iPhone
		{434533F8-7988-4B7C-BD56-8CCA34499526}.Ad-Hoc|iPhoneSimulator.ActiveCfg = Ad-Hoc|iPhoneSimulator
		{434533F8-7988-4B7C-BD56-8CCA34499526}.Ad-Hoc|iPhoneSimulator.Build.0 = Ad-Hoc|iPhoneSimulator
		{434533F8-7988-4B7C-BD56-8CCA34499526}.Ad-Hoc|x64.ActiveCfg = Ad-Hoc|iPhone
		{434533F8-7988-4B7C-BD56-8CCA34499526}.Ad-Hoc|x86.ActiveCfg = Ad-Hoc|iPhone
		{434533F8-7988-4B7C-BD56-8CCA34499526}.AppStore|Any CPU.ActiveCfg = AppStore|iPhone
		{434533F8-7988-4B7C-BD56-8CCA34499526}.AppStore|ARM.ActiveCfg = AppStore|iPhone
		{434533F8-7988-4B7C-BD56-8CCA34499526}.AppStore|iPhone.ActiveCfg = AppStore|iPhone
		{434533F8-7988-4B7C-BD56-8CCA34499526}.AppStore|iPhone.Build.0 = AppStore|iPhone
		{434533F8-7988-4B7C-BD56-8CCA34499526}.AppStore|iPhoneSimulator.ActiveCfg = AppStore|iPhoneSimulator
		{434533F8-7988-4B7C-BD56-8CCA34499526}.AppStore|iPhoneSimulator.Build.0 = AppStore|iPhoneSimulator
		{434533F8-7988-4B7C-BD56-8CCA34499526}.AppStore|x64.ActiveCfg = AppStore|iPhone
		{434533F8-7988-4B7C-BD56-8CCA34499526}.AppStore|x86.ActiveCfg = AppStore|iPhone
		{434533F8-7988-4B7C-BD56-8CCA34499526}.Debug|Any CPU.ActiveCfg = Debug|iPhone
		{434533F8-7988-4B7C-BD56-8CCA34499526}.Debug|ARM.ActiveCfg = Debug|iPhone
		{434533F8-7988-4B7C-BD56-8CCA34499526}.Debug|iPhone.ActiveCfg = Debug|iPhone
		{434533F8-7988-4B7C-BD56-8CCA34499526}.Debug|iPhone.Build.0 = Debug|iPhone
		{434533F8-7988-4B7C-BD56-8CCA34499526}.Debug|iPhoneSimulator.ActiveCfg = Debug|iPhoneSimulator
		{434533F8-7988-4B7C-BD56-8CCA34499526}.Debug|iPhoneSimulator.Build.0 = Debug|iPhoneSimulator
		{434533F8-7988-4B7C-BD56-8CCA34499526}.Debug|x64.ActiveCfg = Debug|iPhone
		{434533F8-7988-4B7C-BD56-8CCA34499526}.Debug|x86.ActiveCfg = Debug|iPhone
		{434533F8-7988-4B7C-BD56-8CCA34499526}.Release|Any CPU.ActiveCfg = Release|iPhone
		{434533F8-7988-4B7C-BD56-8CCA34499526}.Release|ARM.ActiveCfg = Release|iPhone
		{434533F8-7988-4B7C-BD56-8CCA34499526}.Release|iPhone.ActiveCfg = Release|iPhone
		{434533F8-7988-4B7C-BD56-8CCA34499526}.Release|iPhone.Build.0 = Release|iPhone
		{434533F8-7988-4B7C-BD56-8CCA34499526}.Release|iPhoneSimulator.ActiveCfg = Release|iPhoneSimulator
		{434533F8-7988-4B7C-BD56-8CCA34499526}.Release|iPhoneSimulator.Build.0 = Release|iPhoneSimulator
		{434533F8-7988-4B7C-BD56-8CCA34499526}.Release|x64.ActiveCfg = Release|iPhone
		{434533F8-7988-4B7C-BD56-8CCA34499526}.Release|x86.ActiveCfg = Release|iPhone
	EndGlobalSection
	GlobalSection(SolutionProperties) = preSolution
		HideSolutionNode = FALSE
	EndGlobalSection
EndGlobal
